
Microsoft Visual Studio Solution File, Format Version 12.00
# Visual Studio Version 17
VisualStudioVersion = 17.4.33103.184
MinimumVisualStudioVersion = 10.0.40219.1
Project("{FAE04EC0-301F-11D3-BF4B-00C04F79EFBC}") = "Plugin.E0.ImageResizer", "Plugin.E0.ImageResizer\Plugin.E0.ImageResizer.csproj", "{FC6E18D2-7419-4430-BC59-97FA3804BC0B}"
EndProject
Global
	GlobalSection(SolutionConfigurationPlatforms) = preSolution
		Debug|Any CPU = Debug|Any CPU
		Release|Any CPU = Release|Any CPU
	EndGlobalSection
	GlobalSection(ProjectConfigurationPlatforms) = postSolution
		{FC6E18D2-7419-4430-BC59-97FA3804BC0B}.Debug|Any CPU.ActiveCfg = Debug|Any CPU
		{FC6E18D2-7419-4430-BC59-97FA3804BC0B}.Debug|Any CPU.Build.0 = Debug|Any CPU
		{FC6E18D2-7419-4430-BC59-97FA3804BC0B}.Release|Any CPU.ActiveCfg = Release|Any CPU
		{FC6E18D2-7419-4430-BC59-97FA3804BC0B}.Release|Any CPU.Build.0 = Release|Any CPU
	EndGlobalSection
	GlobalSection(SolutionProperties) = preSolution
		HideSolutionNode = FALSE
	EndGlobalSection
	GlobalSection(ExtensibilityGlobals) = postSolution
		SolutionGuid = {B4B72852-C8AF-4992-B6A8-469E2497C11C}
	EndGlobalSection
EndGlobal
